# This file was autogenerated by Stack.
# You should not edit this file by hand.
# For more information, please see the documentation at:
#   https://docs.haskellstack.org/en/stable/lock_files

packages:
- completed:
    subdir: tonalude
    name: tonalude
    version: 0.1.1.0
    git: https://github.com/tonatona-project/tonatona
    pantry-tree:
      size: 1009
      sha256: 31a0a48f4bad8f0de024e97c3410b0890a210c85357d2b859beaddf7b4f2035c
    commit: cf8c12c73a993346a0f682000ec04f71158247cc
  original:
    subdir: tonalude
    git: https://github.com/tonatona-project/tonatona
    commit: cf8c12c73a993346a0f682000ec04f71158247cc
- completed:
    subdir: tonaparser
    name: tonaparser
    version: 0.1.0.0
    git: https://github.com/tonatona-project/tonatona
    pantry-tree:
      size: 525
      sha256: d1a91fdca2868b6d6bfa70efd868f2133098a26e4bdc39d49b480f3416903bd1
    commit: cf8c12c73a993346a0f682000ec04f71158247cc
  original:
    subdir: tonaparser
    git: https://github.com/tonatona-project/tonatona
    commit: cf8c12c73a993346a0f682000ec04f71158247cc
- completed:
    subdir: tonatona
    name: tonatona
    version: 0.1.2.0
    git: https://github.com/tonatona-project/tonatona
    pantry-tree:
      size: 512
      sha256: 1e9e1bafb9a45f1148637d2982b6b054c7b30a6985ad2c8604e68185dfefb0aa
    commit: cf8c12c73a993346a0f682000ec04f71158247cc
  original:
    subdir: tonatona
    git: https://github.com/tonatona-project/tonatona
    commit: cf8c12c73a993346a0f682000ec04f71158247cc
- completed:
    subdir: tonatona-logger
    name: tonatona-logger
    version: 0.2.0.1
    git: https://github.com/tonatona-project/tonatona
    pantry-tree:
      size: 527
      sha256: 4d55f1d56569586474b649968dd760b45a45705bfa631e672a1f2e1bfbffe5f6
    commit: cf8c12c73a993346a0f682000ec04f71158247cc
  original:
    subdir: tonatona-logger
    git: https://github.com/tonatona-project/tonatona
    commit: cf8c12c73a993346a0f682000ec04f71158247cc
- completed:
    subdir: tonatona-persistent-postgresql
    name: tonatona-persistent-postgresql
    version: 0.1.0.1
    git: https://github.com/tonatona-project/tonatona
    pantry-tree:
      size: 554
      sha256: 0bf5f5fb1ad05e6f9d2359607d3a9026cda7e2e175919c9fe99660129ee6ed95
    commit: cf8c12c73a993346a0f682000ec04f71158247cc
  original:
    subdir: tonatona-persistent-postgresql
    git: https://github.com/tonatona-project/tonatona
    commit: cf8c12c73a993346a0f682000ec04f71158247cc
- completed:
    subdir: tonatona-persistent-sqlite
    name: tonatona-persistent-sqlite
    version: 0.1.0.1
    git: https://github.com/tonatona-project/tonatona
    pantry-tree:
      size: 546
      sha256: e5388d3ba7e35ed6672ef64fbe779a5455a14ef01237795b3b15b6ff069a4099
    commit: cf8c12c73a993346a0f682000ec04f71158247cc
  original:
    subdir: tonatona-persistent-sqlite
    git: https://github.com/tonatona-project/tonatona
    commit: cf8c12c73a993346a0f682000ec04f71158247cc
- completed:
    subdir: tonatona-servant
    name: tonatona-servant
    version: 0.1.0.3
    git: https://github.com/tonatona-project/tonatona
    pantry-tree:
      size: 529
      sha256: c4ba79c758a31972d03a820e16e38a2149fabcb73c29e730a160ace3c1b46876
    commit: cf8c12c73a993346a0f682000ec04f71158247cc
  original:
    subdir: tonatona-servant
    git: https://github.com/tonatona-project/tonatona
    commit: cf8c12c73a993346a0f682000ec04f71158247cc
snapshots:
- completed:
    size: 532172
    url: https://raw.githubusercontent.com/commercialhaskell/stackage-snapshots/master/lts/16/18.yaml
    sha256: 4f2a092c6f4869854e8d7435ab98ce5157c641022c3cbfc4c4614ff3db752e62
  original: lts-16.18
